
Microsoft Visual Studio Solution File, Format Version 12.00
# Visual Studio Version 17
Project("{8BC9CEB8-8B4A-11D0-8D11-00A0C91BC942}") = "Testbox", "Testbox\Testbox.vcxproj", "{CEE1D639-3AC1-55D5-43D9-E0ABAF37BC36}"
EndProject
Project("{8BC9CEB8-8B4A-11D0-8D11-00A0C91BC942}") = "Coral", "Coral\Coral.vcxproj", "{D639FA0C-424E-22BE-0BD0-C51D77A31EEF}"
EndProject
Project("{8BC9CEB8-8B4A-11D0-8D11-00A0C91BC942}") = "Ocean", "Ocean\Ocean.vcxproj", "{0B94CC0D-77A8-F4BE-402A-981EACFDF0EF}"
EndProject
Global
	GlobalSection(SolutionConfigurationPlatforms) = preSolution
		Debug|x64 = Debug|x64
		Dist|x64 = Dist|x64
		Release|x64 = Release|x64
	EndGlobalSection
	GlobalSection(ProjectConfigurationPlatforms) = postSolution
		{CEE1D639-3AC1-55D5-43D9-E0ABAF37BC36}.Debug|x64.ActiveCfg = Debug|x64
		{CEE1D639-3AC1-55D5-43D9-E0ABAF37BC36}.Debug|x64.Build.0 = Debug|x64
		{CEE1D639-3AC1-55D5-43D9-E0ABAF37BC36}.Dist|x64.ActiveCfg = Dist|x64
		{CEE1D639-3AC1-55D5-43D9-E0ABAF37BC36}.Dist|x64.Build.0 = Dist|x64
		{CEE1D639-3AC1-55D5-43D9-E0ABAF37BC36}.Release|x64.ActiveCfg = Release|x64
		{CEE1D639-3AC1-55D5-43D9-E0ABAF37BC36}.Release|x64.Build.0 = Release|x64
		{D639FA0C-424E-22BE-0BD0-C51D77A31EEF}.Debug|x64.ActiveCfg = Debug|x64
		{D639FA0C-424E-22BE-0BD0-C51D77A31EEF}.Debug|x64.Build.0 = Debug|x64
		{D639FA0C-424E-22BE-0BD0-C51D77A31EEF}.Dist|x64.ActiveCfg = Dist|x64
		{D639FA0C-424E-22BE-0BD0-C51D77A31EEF}.Dist|x64.Build.0 = Dist|x64
		{D639FA0C-424E-22BE-0BD0-C51D77A31EEF}.Release|x64.ActiveCfg = Release|x64
		{D639FA0C-424E-22BE-0BD0-C51D77A31EEF}.Release|x64.Build.0 = Release|x64
		{0B94CC0D-77A8-F4BE-402A-981EACFDF0EF}.Debug|x64.ActiveCfg = Debug|x64
		{0B94CC0D-77A8-F4BE-402A-981EACFDF0EF}.Debug|x64.Build.0 = Debug|x64
		{0B94CC0D-77A8-F4BE-402A-981EACFDF0EF}.Dist|x64.ActiveCfg = Dist|x64
		{0B94CC0D-77A8-F4BE-402A-981EACFDF0EF}.Dist|x64.Build.0 = Dist|x64
		{0B94CC0D-77A8-F4BE-402A-981EACFDF0EF}.Release|x64.ActiveCfg = Release|x64
		{0B94CC0D-77A8-F4BE-402A-981EACFDF0EF}.Release|x64.Build.0 = Release|x64
	EndGlobalSection
	GlobalSection(SolutionProperties) = preSolution
		HideSolutionNode = FALSE
	EndGlobalSection
EndGlobal
