
Microsoft Visual Studio Solution File, Format Version 12.00
# Visual Studio Version 17
VisualStudioVersion = 17.7.34031.279
MinimumVisualStudioVersion = 10.0.40219.1
Project("{8BC9CEB8-8B4A-11D0-8D11-00A0C91BC942}") = "Sandbox", "Sandbox\Sandbox.vcxproj", "{436E6A03-463F-4A5A-9E12-FD38FC81BFAD}"
EndProject
Project("{8BC9CEB8-8B4A-11D0-8D11-00A0C91BC942}") = "Ocean", "Ocean\Ocean.vcxproj", "{D1BC73CF-3390-4A81-A88B-8A432052AE5A}"
EndProject
Global
	GlobalSection(SolutionConfigurationPlatforms) = preSolution
		Debug|x64 = Debug|x64
		Release|x64 = Release|x64
	EndGlobalSection
	GlobalSection(ProjectConfigurationPlatforms) = postSolution
		{D1BC73CF-3390-4A81-A88B-8A432052AE5A}.Debug|x64.ActiveCfg = Debug|x64
		{D1BC73CF-3390-4A81-A88B-8A432052AE5A}.Debug|x64.Build.0 = Debug|x64
		{D1BC73CF-3390-4A81-A88B-8A432052AE5A}.Release|x64.ActiveCfg = Release|x64
		{D1BC73CF-3390-4A81-A88B-8A432052AE5A}.Release|x64.Build.0 = Release|x64
		{436E6A03-463F-4A5A-9E12-FD38FC81BFAD}.Debug|x64.ActiveCfg = Debug|x64
		{436E6A03-463F-4A5A-9E12-FD38FC81BFAD}.Debug|x64.Build.0 = Debug|x64
		{436E6A03-463F-4A5A-9E12-FD38FC81BFAD}.Release|x64.ActiveCfg = Release|x64
		{436E6A03-463F-4A5A-9E12-FD38FC81BFAD}.Release|x64.Build.0 = Release|x64
	EndGlobalSection
	GlobalSection(SolutionProperties) = preSolution
		HideSolutionNode = FALSE
	EndGlobalSection
	GlobalSection(ExtensibilityGlobals) = postSolution
		SolutionGuid = {9C8BC90A-CE1B-4965-A670-AB9A07B0FDFB}
	EndGlobalSection
EndGlobal
