<?xml version="1.0" encoding="utf-8"?>
<Project ToolsVersion="4.0" xmlns="http://schemas.microsoft.com/developer/msbuild/2003">
  <ItemGroup>
    <Filter Include="Ocean">
      <UniqueIdentifier>{0B94CC0D-77A8-F4BE-402A-981EACFDF0EF}</UniqueIdentifier>
    </Filter>
    <Filter Include="Ocean\Events">
      <UniqueIdentifier>{8FE5A711-7B48-37B6-24CE-6F6C10100339}</UniqueIdentifier>
    </Filter>
    <Filter Include="Ocean\ImGui">
      <UniqueIdentifier>{75A5B4A3-E15A-2D99-6A4F-2770D603249D}</UniqueIdentifier>
    </Filter>
    <Filter Include="Platform">
      <UniqueIdentifier>{2AC788B4-1694-E3BF-3FAD-D1672BD9184E}</UniqueIdentifier>
    </Filter>
    <Filter Include="Platform\OpenGL">
      <UniqueIdentifier>{1E7D2C1D-8A08-9AE1-9319-1DD6FF23F6E1}</UniqueIdentifier>
    </Filter>
    <Filter Include="Platform\Windows">
      <UniqueIdentifier>{64FBD71A-50F4-F66C-7926-DCF1657ED678}</UniqueIdentifier>
    </Filter>
  </ItemGroup>
  <ItemGroup>
    <ClInclude Include="src\Ocean.hpp" />
    <ClInclude Include="src\Ocean\Application.hpp">
      <Filter>Ocean</Filter>
    </ClInclude>
    <ClInclude Include="src\Ocean\Core.hpp">
      <Filter>Ocean</Filter>
    </ClInclude>
    <ClInclude Include="src\Ocean\EntryPoint.hpp">
      <Filter>Ocean</Filter>
    </ClInclude>
    <ClInclude Include="src\Ocean\Events\ApplicationEvent.hpp">
      <Filter>Ocean\Events</Filter>
    </ClInclude>
    <ClInclude Include="src\Ocean\Events\Event.hpp">
      <Filter>Ocean\Events</Filter>
    </ClInclude>
    <ClInclude Include="src\Ocean\Events\KeyEvent.hpp">
      <Filter>Ocean\Events</Filter>
    </ClInclude>
    <ClInclude Include="src\Ocean\Events\MouseEvent.hpp">
      <Filter>Ocean\Events</Filter>
    </ClInclude>
    <ClInclude Include="src\Ocean\ImGui\ImGuiLayer.hpp">
      <Filter>Ocean\ImGui</Filter>
    </ClInclude>
    <ClInclude Include="src\Ocean\Layer.hpp">
      <Filter>Ocean</Filter>
    </ClInclude>
    <ClInclude Include="src\Ocean\LayerStack.hpp">
      <Filter>Ocean</Filter>
    </ClInclude>
    <ClInclude Include="src\Ocean\Log.hpp">
      <Filter>Ocean</Filter>
    </ClInclude>
    <ClInclude Include="src\Ocean\Window.hpp">
      <Filter>Ocean</Filter>
    </ClInclude>
    <ClInclude Include="src\Platform\OpenGL\ImGuiOpenGLRenderer.h">
      <Filter>Platform\OpenGL</Filter>
    </ClInclude>
    <ClInclude Include="src\Platform\Windows\WindowsWindow.hpp">
      <Filter>Platform\Windows</Filter>
    </ClInclude>
    <ClInclude Include="src\ocpch.hpp" />
  </ItemGroup>
  <ItemGroup>
    <ClCompile Include="src\Ocean\Application.cpp">
      <Filter>Ocean</Filter>
    </ClCompile>
    <ClCompile Include="src\Ocean\ImGui\ImGuiLayer.cpp">
      <Filter>Ocean\ImGui</Filter>
    </ClCompile>
    <ClCompile Include="src\Ocean\Layer.cpp">
      <Filter>Ocean</Filter>
    </ClCompile>
    <ClCompile Include="src\Ocean\LayerStack.cpp">
      <Filter>Ocean</Filter>
    </ClCompile>
    <ClCompile Include="src\Ocean\Log.cpp">
      <Filter>Ocean</Filter>
    </ClCompile>
    <ClCompile Include="src\Platform\OpenGL\ImGuiOpenGLRenderer.cpp">
      <Filter>Platform\OpenGL</Filter>
    </ClCompile>
    <ClCompile Include="src\Platform\Windows\WindowsWindow.cpp">
      <Filter>Platform\Windows</Filter>
    </ClCompile>
    <ClCompile Include="src\ocpch.cpp" />
  </ItemGroup>
</Project>